// !$*UTF8*$!
{
	archiveVersion = 1;
	classes = {
	};
	objectVersion = 50;
	objects = {

/* Begin PBXBuildFile section */
		9F6BE87721D1CD0600E4F512 /* AppDelegate.m in Sources */ = {isa = PBXBuildFile; fileRef = 9F6BE87621D1CD0600E4F512 /* AppDelegate.m */; };
		9F6BE87A21D1CD0600E4F512 /* ViewController.m in Sources */ = {isa = PBXBuildFile; fileRef = 9F6BE87921D1CD0600E4F512 /* ViewController.m */; };
		9F6BE87D21D1CD0600E4F512 /* Main.storyboard in Resources */ = {isa = PBXBuildFile; fileRef = 9F6BE87B21D1CD0600E4F512 /* Main.storyboard */; };
		9F6BE88021D1CD0600E4F512 /* XLTabBarController.xcdatamodeld in Sources */ = {isa = PBXBuildFile; fileRef = 9F6BE87E21D1CD0600E4F512 /* XLTabBarController.xcdatamodeld */; };
		9F6BE88221D1CD0A00E4F512 /* Assets.xcassets in Resources */ = {isa = PBXBuildFile; fileRef = 9F6BE88121D1CD0A00E4F512 /* Assets.xcassets */; };
		9F6BE88521D1CD0A00E4F512 /* LaunchScreen.storyboard in Resources */ = {isa = PBXBuildFile; fileRef = 9F6BE88321D1CD0A00E4F512 /* LaunchScreen.storyboard */; };
		9F6BE88821D1CD0A00E4F512 /* main.m in Sources */ = {isa = PBXBuildFile; fileRef = 9F6BE88721D1CD0A00E4F512 /* main.m */; };
		9F6BE89121D1CD7600E4F512 /* XLTabBar.m in Sources */ = {isa = PBXBuildFile; fileRef = 9F6BE89021D1CD7600E4F512 /* XLTabBar.m */; };
		9F6BE89421D1DC5500E4F512 /* XLTabBarController.m in Sources */ = {isa = PBXBuildFile; fileRef = 9F6BE89321D1DC5500E4F512 /* XLTabBarController.m */; };
		9F6BE89C21D1E2B900E4F512 /* NormalTabBarController.m in Sources */ = {isa = PBXBuildFile; fileRef = 9F6BE89B21D1E2B900E4F512 /* NormalTabBarController.m */; };
		9F6BE89F21D1E2EC00E4F512 /* PushViewController.m in Sources */ = {isa = PBXBuildFile; fileRef = 9F6BE89E21D1E2EC00E4F512 /* PushViewController.m */; };
		9F6BE8A221D1E30100E4F512 /* TableViewController.m in Sources */ = {isa = PBXBuildFile; fileRef = 9F6BE8A121D1E30100E4F512 /* TableViewController.m */; };
		9F6BE8A521D1E33800E4F512 /* BaseNavigationController.m in Sources */ = {isa = PBXBuildFile; fileRef = 9F6BE8A421D1E33800E4F512 /* BaseNavigationController.m */; };
		9F6BE8A921D2103900E4F512 /* BugleTabBarController.m in Sources */ = {isa = PBXBuildFile; fileRef = 9F6BE8A721D2103900E4F512 /* BugleTabBarController.m */; };
/* End PBXBuildFile section */

/* Begin PBXFileReference section */
		9F6BE87221D1CD0600E4F512 /* XLTabBarController.app */ = {isa = PBXFileReference; explicitFileType = wrapper.application; includeInIndex = 0; path = XLTabBarController.app; sourceTree = BUILT_PRODUCTS_DIR; };
		9F6BE87521D1CD0600E4F512 /* AppDelegate.h */ = {isa = PBXFileReference; lastKnownFileType = sourcecode.c.h; path = AppDelegate.h; sourceTree = "<group>"; };
		9F6BE87621D1CD0600E4F512 /* AppDelegate.m */ = {isa = PBXFileReference; lastKnownFileType = sourcecode.c.objc; path = AppDelegate.m; sourceTree = "<group>"; };
		9F6BE87821D1CD0600E4F512 /* ViewController.h */ = {isa = PBXFileReference; lastKnownFileType = sourcecode.c.h; path = ViewController.h; sourceTree = "<group>"; };
		9F6BE87921D1CD0600E4F512 /* ViewController.m */ = {isa = PBXFileReference; lastKnownFileType = sourcecode.c.objc; path = ViewController.m; sourceTree = "<group>"; };
		9F6BE87C21D1CD0600E4F512 /* Base */ = {isa = PBXFileReference; lastKnownFileType = file.storyboard; name = Base; path = Base.lproj/Main.storyboard; sourceTree = "<group>"; };
		9F6BE87F21D1CD0600E4F512 /* XLTabBarController.xcdatamodel */ = {isa = PBXFileReference; lastKnownFileType = wrapper.xcdatamodel; path = XLTabBarController.xcdatamodel; sourceTree = "<group>"; };
		9F6BE88121D1CD0A00E4F512 /* Assets.xcassets */ = {isa = PBXFileReference; lastKnownFileType = folder.assetcatalog; path = Assets.xcassets; sourceTree = "<group>"; };
		9F6BE88421D1CD0A00E4F512 /* Base */ = {isa = PBXFileReference; lastKnownFileType = file.storyboard; name = Base; path = Base.lproj/LaunchScreen.storyboard; sourceTree = "<group>"; };
		9F6BE88621D1CD0A00E4F512 /* Info.plist */ = {isa = PBXFileReference; lastKnownFileType = text.plist.xml; path = Info.plist; sourceTree = "<group>"; };
		9F6BE88721D1CD0A00E4F512 /* main.m */ = {isa = PBXFileReference; lastKnownFileType = sourcecode.c.objc; path = main.m; sourceTree = "<group>"; };
		9F6BE88F21D1CD7600E4F512 /* XLTabBar.h */ = {isa = PBXFileReference; lastKnownFileType = sourcecode.c.h; path = XLTabBar.h; sourceTree = "<group>"; };
		9F6BE89021D1CD7600E4F512 /* XLTabBar.m */ = {isa = PBXFileReference; lastKnownFileType = sourcecode.c.objc; path = XLTabBar.m; sourceTree = "<group>"; };
		9F6BE89221D1DC5500E4F512 /* XLTabBarController.h */ = {isa = PBXFileReference; lastKnownFileType = sourcecode.c.h; path = XLTabBarController.h; sourceTree = "<group>"; };
		9F6BE89321D1DC5500E4F512 /* XLTabBarController.m */ = {isa = PBXFileReference; lastKnownFileType = sourcecode.c.objc; path = XLTabBarController.m; sourceTree = "<group>"; };
		9F6BE89A21D1E2B900E4F512 /* NormalTabBarController.h */ = {isa = PBXFileReference; lastKnownFileType = sourcecode.c.h; path = NormalTabBarController.h; sourceTree = "<group>"; };
		9F6BE89B21D1E2B900E4F512 /* NormalTabBarController.m */ = {isa = PBXFileReference; lastKnownFileType = sourcecode.c.objc; path = NormalTabBarController.m; sourceTree = "<group>"; };
		9F6BE89D21D1E2EC00E4F512 /* PushViewController.h */ = {isa = PBXFileReference; lastKnownFileType = sourcecode.c.h; path = PushViewController.h; sourceTree = "<group>"; };
		9F6BE89E21D1E2EC00E4F512 /* PushViewController.m */ = {isa = PBXFileReference; lastKnownFileType = sourcecode.c.objc; path = PushViewController.m; sourceTree = "<group>"; };
		9F6BE8A021D1E30100E4F512 /* TableViewController.h */ = {isa = PBXFileReference; lastKnownFileType = sourcecode.c.h; path = TableViewController.h; sourceTree = "<group>"; };
		9F6BE8A121D1E30100E4F512 /* TableViewController.m */ = {isa = PBXFileReference; lastKnownFileType = sourcecode.c.objc; path = TableViewController.m; sourceTree = "<group>"; };
		9F6BE8A321D1E33800E4F512 /* BaseNavigationController.h */ = {isa = PBXFileReference; lastKnownFileType = sourcecode.c.h; path = BaseNavigationController.h; sourceTree = "<group>"; };
		9F6BE8A421D1E33800E4F512 /* BaseNavigationController.m */ = {isa = PBXFileReference; lastKnownFileType = sourcecode.c.objc; path = BaseNavigationController.m; sourceTree = "<group>"; };
		9F6BE8A721D2103900E4F512 /* BugleTabBarController.m */ = {isa = PBXFileReference; fileEncoding = 4; lastKnownFileType = sourcecode.c.objc; path = BugleTabBarController.m; sourceTree = "<group>"; };
		9F6BE8A821D2103900E4F512 /* BugleTabBarController.h */ = {isa = PBXFileReference; fileEncoding = 4; lastKnownFileType = sourcecode.c.h; path = BugleTabBarController.h; sourceTree = "<group>"; };
/* End PBXFileReference section */

/* Begin PBXFrameworksBuildPhase section */
		9F6BE86F21D1CD0600E4F512 /* Frameworks */ = {
			isa = PBXFrameworksBuildPhase;
			buildActionMask = 2147483647;
			files = (
			);
			runOnlyForDeploymentPostprocessing = 0;
		};
/* End PBXFrameworksBuildPhase section */

/* Begin PBXGroup section */
		9F6BE86921D1CD0600E4F512 = {
			isa = PBXGroup;
			children = (
				9F6BE87421D1CD0600E4F512 /* XLTabBarController */,
				9F6BE87321D1CD0600E4F512 /* Products */,
			);
			sourceTree = "<group>";
		};
		9F6BE87321D1CD0600E4F512 /* Products */ = {
			isa = PBXGroup;
			children = (
				9F6BE87221D1CD0600E4F512 /* XLTabBarController.app */,
			);
			name = Products;
			sourceTree = "<group>";
		};
		9F6BE87421D1CD0600E4F512 /* XLTabBarController */ = {
			isa = PBXGroup;
			children = (
				9F6BE8A621D2103900E4F512 /* Bulge */,
				9F6BE89621D1E26300E4F512 /* Normal */,
				9F6BE88E21D1CD4A00E4F512 /* XLTabBarController */,
				9F6BE87521D1CD0600E4F512 /* AppDelegate.h */,
				9F6BE87621D1CD0600E4F512 /* AppDelegate.m */,
				9F6BE87821D1CD0600E4F512 /* ViewController.h */,
				9F6BE87921D1CD0600E4F512 /* ViewController.m */,
				9F6BE89D21D1E2EC00E4F512 /* PushViewController.h */,
				9F6BE89E21D1E2EC00E4F512 /* PushViewController.m */,
				9F6BE8A021D1E30100E4F512 /* TableViewController.h */,
				9F6BE8A121D1E30100E4F512 /* TableViewController.m */,
				9F6BE8A321D1E33800E4F512 /* BaseNavigationController.h */,
				9F6BE8A421D1E33800E4F512 /* BaseNavigationController.m */,
				9F6BE87B21D1CD0600E4F512 /* Main.storyboard */,
				9F6BE88121D1CD0A00E4F512 /* Assets.xcassets */,
				9F6BE88321D1CD0A00E4F512 /* LaunchScreen.storyboard */,
				9F6BE88621D1CD0A00E4F512 /* Info.plist */,
				9F6BE88721D1CD0A00E4F512 /* main.m */,
				9F6BE87E21D1CD0600E4F512 /* XLTabBarController.xcdatamodeld */,
			);
			path = XLTabBarController;
			sourceTree = "<group>";
		};
		9F6BE88E21D1CD4A00E4F512 /* XLTabBarController */ = {
			isa = PBXGroup;
			children = (
				9F6BE88F21D1CD7600E4F512 /* XLTabBar.h */,
				9F6BE89021D1CD7600E4F512 /* XLTabBar.m */,
				9F6BE89221D1DC5500E4F512 /* XLTabBarController.h */,
				9F6BE89321D1DC5500E4F512 /* XLTabBarController.m */,
			);
			path = XLTabBarController;
			sourceTree = "<group>";
		};
		9F6BE89621D1E26300E4F512 /* Normal */ = {
			isa = PBXGroup;
			children = (
				9F6BE89A21D1E2B900E4F512 /* NormalTabBarController.h */,
				9F6BE89B21D1E2B900E4F512 /* NormalTabBarController.m */,
			);
			path = Normal;
			sourceTree = "<group>";
		};
		9F6BE8A621D2103900E4F512 /* Bulge */ = {
			isa = PBXGroup;
			children = (
				9F6BE8A721D2103900E4F512 /* BugleTabBarController.m */,
				9F6BE8A821D2103900E4F512 /* BugleTabBarController.h */,
			);
			path = Bulge;
			sourceTree = "<group>";
		};
/* End PBXGroup section */

/* Begin PBXNativeTarget section */
		9F6BE87121D1CD0600E4F512 /* XLTabBarController */ = {
			isa = PBXNativeTarget;
			buildConfigurationList = 9F6BE88B21D1CD0A00E4F512 /* Build configuration list for PBXNativeTarget "XLTabBarController" */;
			buildPhases = (
				9F6BE86E21D1CD0600E4F512 /* Sources */,
				9F6BE86F21D1CD0600E4F512 /* Frameworks */,
				9F6BE87021D1CD0600E4F512 /* Resources */,
			);
			buildRules = (
			);
			dependencies = (
			);
			name = XLTabBarController;
			productName = XLTabBarController;
			productReference = 9F6BE87221D1CD0600E4F512 /* XLTabBarController.app */;
			productType = "com.apple.product-type.application";
		};
/* End PBXNativeTarget section */

/* Begin PBXProject section */
		9F6BE86A21D1CD0600E4F512 /* Project object */ = {
			isa = PBXProject;
			attributes = {
				LastUpgradeCheck = 1010;
				ORGANIZATIONNAME = "Mac-Qke";
				TargetAttributes = {
					9F6BE87121D1CD0600E4F512 = {
						CreatedOnToolsVersion = 10.1;
					};
				};
			};
			buildConfigurationList = 9F6BE86D21D1CD0600E4F512 /* Build configuration list for PBXProject "XLTabBarController" */;
			compatibilityVersion = "Xcode 9.3";
			developmentRegion = en;
			hasScannedForEncodings = 0;
			knownRegions = (
				en,
				Base,
			);
			mainGroup = 9F6BE86921D1CD0600E4F512;
			productRefGroup = 9F6BE87321D1CD0600E4F512 /* Products */;
			projectDirPath = "";
			projectRoot = "";
			targets = (
				9F6BE87121D1CD0600E4F512 /* XLTabBarController */,
			);
		};
/* End PBXProject section */

/* Begin PBXResourcesBuildPhase section */
		9F6BE87021D1CD0600E4F512 /* Resources */ = {
			isa = PBXResourcesBuildPhase;
			buildActionMask = 2147483647;
			files = (
				9F6BE88521D1CD0A00E4F512 /* LaunchScreen.storyboard in Resources */,
				9F6BE88221D1CD0A00E4F512 /* Assets.xcassets in Resources */,
				9F6BE87D21D1CD0600E4F512 /* Main.storyboard in Resources */,
			);
			runOnlyForDeploymentPostprocessing = 0;
		};
/* End PBXResourcesBuildPhase section */

/* Begin PBXSourcesBuildPhase section */
		9F6BE86E21D1CD0600E4F512 /* Sources */ = {
			isa = PBXSourcesBuildPhase;
			buildActionMask = 2147483647;
			files = (
				9F6BE87A21D1CD0600E4F512 /* ViewController.m in Sources */,
				9F6BE8A521D1E33800E4F512 /* BaseNavigationController.m in Sources */,
				9F6BE87721D1CD0600E4F512 /* AppDelegate.m in Sources */,
				9F6BE89F21D1E2EC00E4F512 /* PushViewController.m in Sources */,
				9F6BE8A221D1E30100E4F512 /* TableViewController.m in Sources */,
				9F6BE89121D1CD7600E4F512 /* XLTabBar.m in Sources */,
				9F6BE89421D1DC5500E4F512 /* XLTabBarController.m in Sources */,
				9F6BE8A921D2103900E4F512 /* BugleTabBarController.m in Sources */,
				9F6BE89C21D1E2B900E4F512 /* NormalTabBarController.m in Sources */,
				9F6BE88821D1CD0A00E4F512 /* main.m in Sources */,
				9F6BE88021D1CD0600E4F512 /* XLTabBarController.xcdatamodeld in Sources */,
			);
			runOnlyForDeploymentPostprocessing = 0;
		};
/* End PBXSourcesBuildPhase section */

/* Begin PBXVariantGroup section */
		9F6BE87B21D1CD0600E4F512 /* Main.storyboard */ = {
			isa = PBXVariantGroup;
			children = (
				9F6BE87C21D1CD0600E4F512 /* Base */,
			);
			name = Main.storyboard;
			sourceTree = "<group>";
		};
		9F6BE88321D1CD0A00E4F512 /* LaunchScreen.storyboard */ = {
			isa = PBXVariantGroup;
			children = (
				9F6BE88421D1CD0A00E4F512 /* Base */,
			);
			name = LaunchScreen.storyboard;
			sourceTree = "<group>";
		};
/* End PBXVariantGroup section */

/* Begin XCBuildConfiguration section */
		9F6BE88921D1CD0A00E4F512 /* Debug */ = {
			isa = XCBuildConfiguration;
			buildSettings = {
				ALWAYS_SEARCH_USER_PATHS = NO;
				CLANG_ANALYZER_NONNULL = YES;
				CLANG_ANALYZER_NUMBER_OBJECT_CONVERSION = YES_AGGRESSIVE;
				CLANG_CXX_LANGUAGE_STANDARD = "gnu++14";
				CLANG_CXX_LIBRARY = "libc++";
				CLANG_ENABLE_MODULES = YES;
				CLANG_ENABLE_OBJC_ARC = YES;
				CLANG_ENABLE_OBJC_WEAK = YES;
				CLANG_WARN_BLOCK_CAPTURE_AUTORELEASING = YES;
				CLANG_WARN_BOOL_CONVERSION = YES;
				CLANG_WARN_COMMA = YES;
				CLANG_WARN_CONSTANT_CONVERSION = YES;
				CLANG_WARN_DEPRECATED_OBJC_IMPLEMENTATIONS = YES;
				CLANG_WARN_DIRECT_OBJC_ISA_USAGE = YES_ERROR;
				CLANG_WARN_DOCUMENTATION_COMMENTS = YES;
				CLANG_WARN_EMPTY_BODY = YES;
				CLANG_WARN_ENUM_CONVERSION = YES;
				CLANG_WARN_INFINITE_RECURSION = YES;
				CLANG_WARN_INT_CONVERSION = YES;
				CLANG_WARN_NON_LITERAL_NULL_CONVERSION = YES;
				CLANG_WARN_OBJC_IMPLICIT_RETAIN_SELF = YES;
				CLANG_WARN_OBJC_LITERAL_CONVERSION = YES;
				CLANG_WARN_OBJC_ROOT_CLASS = YES_ERROR;
				CLANG_WARN_RANGE_LOOP_ANALYSIS = YES;
				CLANG_WARN_STRICT_PROTOTYPES = YES;
				CLANG_WARN_SUSPICIOUS_MOVE = YES;
				CLANG_WARN_UNGUARDED_AVAILABILITY = YES_AGGRESSIVE;
				CLANG_WARN_UNREACHABLE_CODE = YES;
				CLANG_WARN__DUPLICATE_METHOD_MATCH = YES;
				CODE_SIGN_IDENTITY = "iPhone Developer";
				COPY_PHASE_STRIP = NO;
				DEBUG_INFORMATION_FORMAT = dwarf;
				ENABLE_STRICT_OBJC_MSGSEND = YES;
				ENABLE_TESTABILITY = YES;
				GCC_C_LANGUAGE_STANDARD = gnu11;
				GCC_DYNAMIC_NO_PIC = NO;
				GCC_NO_COMMON_BLOCKS = YES;
				GCC_OPTIMIZATION_LEVEL = 0;
				GCC_PREPROCESSOR_DEFINITIONS = (
					"DEBUG=1",
					"$(inherited)",
				);
				GCC_WARN_64_TO_32_BIT_CONVERSION = YES;
				GCC_WARN_ABOUT_RETURN_TYPE = YES_ERROR;
				GCC_WARN_UNDECLARED_SELECTOR = YES;
				GCC_WARN_UNINITIALIZED_AUTOS = YES_AGGRESSIVE;
				GCC_WARN_UNUSED_FUNCTION = YES;
				GCC_WARN_UNUSED_VARIABLE = YES;
				IPHONEOS_DEPLOYMENT_TARGET = 12.1;
				MTL_ENABLE_DEBUG_INFO = INCLUDE_SOURCE;
				MTL_FAST_MATH = YES;
				ONLY_ACTIVE_ARCH = YES;
				SDKROOT = iphoneos;
			};
			name = Debug;
		};
		9F6BE88A21D1CD0A00E4F512 /* Release */ = {
			isa = XCBuildConfiguration;
			buildSettings = {
				ALWAYS_SEARCH_USER_PATHS = NO;
				CLANG_ANALYZER_NONNULL = YES;
				CLANG_ANALYZER_NUMBER_OBJECT_CONVERSION = YES_AGGRESSIVE;
				CLANG_CXX_LANGUAGE_STANDARD = "gnu++14";
				CLANG_CXX_LIBRARY = "libc++";
				CLANG_ENABLE_MODULES = YES;
				CLANG_ENABLE_OBJC_ARC = YES;
				CLANG_ENABLE_OBJC_WEAK = YES;
				CLANG_WARN_BLOCK_CAPTURE_AUTORELEASING = YES;
				CLANG_WARN_BOOL_CONVERSION = YES;
				CLANG_WARN_COMMA = YES;
				CLANG_WARN_CONSTANT_CONVERSION = YES;
				CLANG_WARN_DEPRECATED_OBJC_IMPLEMENTATIONS = YES;
				CLANG_WARN_DIRECT_OBJC_ISA_USAGE = YES_ERROR;
				CLANG_WARN_DOCUMENTATION_COMMENTS = YES;
				CLANG_WARN_EMPTY_BODY = YES;
				CLANG_WARN_ENUM_CONVERSION = YES;
				CLANG_WARN_INFINITE_RECURSION = YES;
				CLANG_WARN_INT_CONVERSION = YES;
				CLANG_WARN_NON_LITERAL_NULL_CONVERSION = YES;
				CLANG_WARN_OBJC_IMPLICIT_RETAIN_SELF = YES;
				CLANG_WARN_OBJC_LITERAL_CONVERSION = YES;
				CLANG_WARN_OBJC_ROOT_CLASS = YES_ERROR;
				CLANG_WARN_RANGE_LOOP_ANALYSIS = YES;
				CLANG_WARN_STRICT_PROTOTYPES = YES;
				CLANG_WARN_SUSPICIOUS_MOVE = YES;
				CLANG_WARN_UNGUARDED_AVAILABILITY = YES_AGGRESSIVE;
				CLANG_WARN_UNREACHABLE_CODE = YES;
				CLANG_WARN__DUPLICATE_METHOD_MATCH = YES;
				CODE_SIGN_IDENTITY = "iPhone Developer";
				COPY_PHASE_STRIP = NO;
				DEBUG_INFORMATION_FORMAT = "dwarf-with-dsym";
				ENABLE_NS_ASSERTIONS = NO;
				ENABLE_STRICT_OBJC_MSGSEND = YES;
				GCC_C_LANGUAGE_STANDARD = gnu11;
				GCC_NO_COMMON_BLOCKS = YES;
				GCC_WARN_64_TO_32_BIT_CONVERSION = YES;
				GCC_WARN_ABOUT_RETURN_TYPE = YES_ERROR;
				GCC_WARN_UNDECLARED_SELECTOR = YES;
				GCC_WARN_UNINITIALIZED_AUTOS = YES_AGGRESSIVE;
				GCC_WARN_UNUSED_FUNCTION = YES;
				GCC_WARN_UNUSED_VARIABLE = YES;
				IPHONEOS_DEPLOYMENT_TARGET = 12.1;
				MTL_ENABLE_DEBUG_INFO = NO;
				MTL_FAST_MATH = YES;
				SDKROOT = iphoneos;
				VALIDATE_PRODUCT = YES;
			};
			name = Release;
		};
		9F6BE88C21D1CD0A00E4F512 /* Debug */ = {
			isa = XCBuildConfiguration;
			buildSettings = {
				ASSETCATALOG_COMPILER_APPICON_NAME = AppIcon;
				CODE_SIGN_STYLE = Automatic;
				DEVELOPMENT_TEAM = 5XH837PT9T;
				INFOPLIST_FILE = XLTabBarController/Info.plist;
				LD_RUNPATH_SEARCH_PATHS = (
					"$(inherited)",
					"@executable_path/Frameworks",
				);
				PRODUCT_BUNDLE_IDENTIFIER = com.HYCF.XLTabBarController;
				PRODUCT_NAME = "$(TARGET_NAME)";
				TARGETED_DEVICE_FAMILY = "1,2";
			};
			name = Debug;
		};
		9F6BE88D21D1CD0A00E4F512 /* Release */ = {
			isa = XCBuildConfiguration;
			buildSettings = {
				ASSETCATALOG_COMPILER_APPICON_NAME = AppIcon;
				CODE_SIGN_STYLE = Automatic;
				DEVELOPMENT_TEAM = 5XH837PT9T;
				INFOPLIST_FILE = XLTabBarController/Info.plist;
				LD_RUNPATH_SEARCH_PATHS = (
					"$(inherited)",
					"@executable_path/Frameworks",
				);
				PRODUCT_BUNDLE_IDENTIFIER = com.HYCF.XLTabBarController;
				PRODUCT_NAME = "$(TARGET_NAME)";
				TARGETED_DEVICE_FAMILY = "1,2";
			};
			name = Release;
		};
/* End XCBuildConfiguration section */

/* Begin XCConfigurationList section */
		9F6BE86D21D1CD0600E4F512 /* Build configuration list for PBXProject "XLTabBarController" */ = {
			isa = XCConfigurationList;
			buildConfigurations = (
				9F6BE88921D1CD0A00E4F512 /* Debug */,
				9F6BE88A21D1CD0A00E4F512 /* Release */,
			);
			defaultConfigurationIsVisible = 0;
			defaultConfigurationName = Release;
		};
		9F6BE88B21D1CD0A00E4F512 /* Build configuration list for PBXNativeTarget "XLTabBarController" */ = {
			isa = XCConfigurationList;
			buildConfigurations = (
				9F6BE88C21D1CD0A00E4F512 /* Debug */,
				9F6BE88D21D1CD0A00E4F512 /* Release */,
			);
			defaultConfigurationIsVisible = 0;
			defaultConfigurationName = Release;
		};
/* End XCConfigurationList section */

/* Begin XCVersionGroup section */
		9F6BE87E21D1CD0600E4F512 /* XLTabBarController.xcdatamodeld */ = {
			isa = XCVersionGroup;
			children = (
				9F6BE87F21D1CD0600E4F512 /* XLTabBarController.xcdatamodel */,
			);
			currentVersion = 9F6BE87F21D1CD0600E4F512 /* XLTabBarController.xcdatamodel */;
			path = XLTabBarController.xcdatamodeld;
			sourceTree = "<group>";
			versionGroupType = wrapper.xcdatamodel;
		};
/* End XCVersionGroup section */
	};
	rootObject = 9F6BE86A21D1CD0600E4F512 /* Project object */;
}
